<Solution>
  <Folder Name="/Solution Items/">
    <File Path=".gitignore" />
    <File Path="README.md" />
  </Folder>
  <Folder Name="/src/">
    <Project Path="TuPenca.API/TuPenca.API.csproj" Id="2f979a28-08f1-4f3a-8b38-7f6237a14795" />
    <Project Path="TuPenca.Application/TuPenca.Application.csproj" Id="4e53c360-2162-461b-94c2-3cb2f3a9402d" />
    <Project Path="TuPenca.Domain/TuPenca.Domain.csproj" Id="cee2f7ba-42d7-4248-a118-209b1db892d4" />
    <Project Path="TuPenca.Infrastructure/TuPenca.Infrastructure.csproj" Id="74c085da-d771-4ec3-a456-4ab1417a0d5c" />
  </Folder>
  <Folder Name="/tests/">
    <Project Path="TuPenca.Application.Tests/TuPenca.Application.Tests.csproj" Id="bad5d293-596c-4ada-8b37-f7174e61d49d" />
  </Folder>
  <Project Path="TuPenca.Admin/TuPenca.Admin.csproj" />
</Solution>
